// !$*UTF8*$!
{
	archiveVersion = 1;
	classes = {
	};
	objectVersion = 51;
	objects = {

/* Begin PBXBuildFile section */
		025D8D73A988E5F361DB4B01 /* Pods_MovieReviewApp.framework in Frameworks */ = {isa = PBXBuildFile; fileRef = 02F8EBA6D6F0F3B554B91ABA /* Pods_MovieReviewApp.framework */; };
		731254D6239A526F00079095 /* UIImageView+CornerRadius.swift in Sources */ = {isa = PBXBuildFile; fileRef = 731254D5239A526F00079095 /* UIImageView+CornerRadius.swift */; };
		7312D1262398F45B0061C52D /* AppDelegate.swift in Sources */ = {isa = PBXBuildFile; fileRef = 7312D1252398F45B0061C52D /* AppDelegate.swift */; };
		7312D12B2398F45B0061C52D /* Main.storyboard in Resources */ = {isa = PBXBuildFile; fileRef = 7312D1292398F45B0061C52D /* Main.storyboard */; };
		7312D12D2398F45B0061C52D /* Assets.xcassets in Resources */ = {isa = PBXBuildFile; fileRef = 7312D12C2398F45B0061C52D /* Assets.xcassets */; };
		7312D1302398F45B0061C52D /* LaunchScreen.storyboard in Resources */ = {isa = PBXBuildFile; fileRef = 7312D12E2398F45B0061C52D /* LaunchScreen.storyboard */; };
		7312D13C2398F4B50061C52D /* ListMovieViewController.swift in Sources */ = {isa = PBXBuildFile; fileRef = 7312D13B2398F4B40061C52D /* ListMovieViewController.swift */; };
		7312D13F2398F6350061C52D /* PopularMovieCollectionViewCell.swift in Sources */ = {isa = PBXBuildFile; fileRef = 7312D13E2398F6350061C52D /* PopularMovieCollectionViewCell.swift */; };
		7312D1412398F7920061C52D /* MovieViewModel.swift in Sources */ = {isa = PBXBuildFile; fileRef = 7312D1402398F7920061C52D /* MovieViewModel.swift */; };
		7312D1432398F7B40061C52D /* Movie.swift in Sources */ = {isa = PBXBuildFile; fileRef = 7312D1422398F7B40061C52D /* Movie.swift */; };
		7312D14523990F030061C52D /* MovieAPI.swift in Sources */ = {isa = PBXBuildFile; fileRef = 7312D14423990F030061C52D /* MovieAPI.swift */; };
		7312D14723991A0C0061C52D /* MovieViewModel+CallAPI.swift in Sources */ = {isa = PBXBuildFile; fileRef = 7312D14623991A0C0061C52D /* MovieViewModel+CallAPI.swift */; };
		7314113B239F49D400821745 /* DetailPage.storyboard in Resources */ = {isa = PBXBuildFile; fileRef = 7314113A239F49D400821745 /* DetailPage.storyboard */; };
		7314113E239F51CF00821745 /* DetailMoreTableViewCell.swift in Sources */ = {isa = PBXBuildFile; fileRef = 7314113D239F51CF00821745 /* DetailMoreTableViewCell.swift */; };
		7316623823A09012009B0B38 /* GenreCollectionViewCell.swift in Sources */ = {isa = PBXBuildFile; fileRef = 7316623723A09012009B0B38 /* GenreCollectionViewCell.swift */; };
		7316627D23A0F65D009B0B38 /* MostRatedCollectionViewCell.swift in Sources */ = {isa = PBXBuildFile; fileRef = 7316627C23A0F65D009B0B38 /* MostRatedCollectionViewCell.swift */; };
		73244B0E23A3327F006165C4 /* UIView+HiddenAnimated.swift in Sources */ = {isa = PBXBuildFile; fileRef = 73244B0D23A3327F006165C4 /* UIView+HiddenAnimated.swift */; };
		73244B1023A34DD5006165C4 /* UIImageView+Rotate.swift in Sources */ = {isa = PBXBuildFile; fileRef = 73244B0F23A34DD5006165C4 /* UIImageView+Rotate.swift */; };
		73244B1423A3629D006165C4 /* NetworkError.swift in Sources */ = {isa = PBXBuildFile; fileRef = 73244B1323A3629D006165C4 /* NetworkError.swift */; };
		73248AAF2399F4CA0035D033 /* DetailViewController.swift in Sources */ = {isa = PBXBuildFile; fileRef = 73248AAE2399F4CA0035D033 /* DetailViewController.swift */; };
		735BE7CD239E036200E57927 /* DetailCastViewController.swift in Sources */ = {isa = PBXBuildFile; fileRef = 735BE7CC239E036200E57927 /* DetailCastViewController.swift */; };
		735BE7CF239E037F00E57927 /* DetailReviewViewController.swift in Sources */ = {isa = PBXBuildFile; fileRef = 735BE7CE239E037F00E57927 /* DetailReviewViewController.swift */; };
		735BE7D1239E039200E57927 /* DetailMoreViewController.swift in Sources */ = {isa = PBXBuildFile; fileRef = 735BE7D0239E039200E57927 /* DetailMoreViewController.swift */; };
		735BE823239E5E6D00E57927 /* DetailReviewTableViewCell.swift in Sources */ = {isa = PBXBuildFile; fileRef = 735BE822239E5E6D00E57927 /* DetailReviewTableViewCell.swift */; };
		73A287C023A2A1A4006DA156 /* MostRecentCollectionViewCell.swift in Sources */ = {isa = PBXBuildFile; fileRef = 73A287BF23A2A1A4006DA156 /* MostRecentCollectionViewCell.swift */; };
		73A287C523A2AEAC006DA156 /* Osaka.ttf in Resources */ = {isa = PBXBuildFile; fileRef = 73A287C423A2AEA9006DA156 /* Osaka.ttf */; };
		73A287C623A2AEF2006DA156 /* AppleGothic.ttf in Resources */ = {isa = PBXBuildFile; fileRef = 73A287C123A2AD74006DA156 /* AppleGothic.ttf */; };
		73D8E29223A23011002BB37A /* DetailHeaderView.xib in Resources */ = {isa = PBXBuildFile; fileRef = 73D8E29123A23011002BB37A /* DetailHeaderView.xib */; };
		73D8E29823A2336B002BB37A /* DetailHeaderView.swift in Sources */ = {isa = PBXBuildFile; fileRef = 73D8E29723A2336B002BB37A /* DetailHeaderView.swift */; };
		73D8E29C23A25116002BB37A /* DetailCastCollectionViewCell.swift in Sources */ = {isa = PBXBuildFile; fileRef = 73D8E29B23A25116002BB37A /* DetailCastCollectionViewCell.swift */; };
/* End PBXBuildFile section */

/* Begin PBXFileReference section */
		02F8EBA6D6F0F3B554B91ABA /* Pods_MovieReviewApp.framework */ = {isa = PBXFileReference; explicitFileType = wrapper.framework; includeInIndex = 0; path = Pods_MovieReviewApp.framework; sourceTree = BUILT_PRODUCTS_DIR; };
		731254D5239A526F00079095 /* UIImageView+CornerRadius.swift */ = {isa = PBXFileReference; lastKnownFileType = sourcecode.swift; path = "UIImageView+CornerRadius.swift"; sourceTree = "<group>"; };
		7312D1222398F45B0061C52D /* MovieReviewApp.app */ = {isa = PBXFileReference; explicitFileType = wrapper.application; includeInIndex = 0; path = MovieReviewApp.app; sourceTree = BUILT_PRODUCTS_DIR; };
		7312D1252398F45B0061C52D /* AppDelegate.swift */ = {isa = PBXFileReference; lastKnownFileType = sourcecode.swift; path = AppDelegate.swift; sourceTree = "<group>"; };
		7312D12A2398F45B0061C52D /* Base */ = {isa = PBXFileReference; lastKnownFileType = file.storyboard; name = Base; path = Base.lproj/Main.storyboard; sourceTree = "<group>"; };
		7312D12C2398F45B0061C52D /* Assets.xcassets */ = {isa = PBXFileReference; lastKnownFileType = folder.assetcatalog; path = Assets.xcassets; sourceTree = "<group>"; };
		7312D12F2398F45B0061C52D /* Base */ = {isa = PBXFileReference; lastKnownFileType = file.storyboard; name = Base; path = Base.lproj/LaunchScreen.storyboard; sourceTree = "<group>"; };
		7312D1312398F45B0061C52D /* Info.plist */ = {isa = PBXFileReference; lastKnownFileType = text.plist.xml; path = Info.plist; sourceTree = "<group>"; };
		7312D13B2398F4B40061C52D /* ListMovieViewController.swift */ = {isa = PBXFileReference; lastKnownFileType = sourcecode.swift; path = ListMovieViewController.swift; sourceTree = "<group>"; };
		7312D13E2398F6350061C52D /* PopularMovieCollectionViewCell.swift */ = {isa = PBXFileReference; lastKnownFileType = sourcecode.swift; path = PopularMovieCollectionViewCell.swift; sourceTree = "<group>"; };
		7312D1402398F7920061C52D /* MovieViewModel.swift */ = {isa = PBXFileReference; lastKnownFileType = sourcecode.swift; path = MovieViewModel.swift; sourceTree = "<group>"; };
		7312D1422398F7B40061C52D /* Movie.swift */ = {isa = PBXFileReference; lastKnownFileType = sourcecode.swift; path = Movie.swift; sourceTree = "<group>"; };
		7312D14423990F030061C52D /* MovieAPI.swift */ = {isa = PBXFileReference; lastKnownFileType = sourcecode.swift; path = MovieAPI.swift; sourceTree = "<group>"; };
		7312D14623991A0C0061C52D /* MovieViewModel+CallAPI.swift */ = {isa = PBXFileReference; lastKnownFileType = sourcecode.swift; path = "MovieViewModel+CallAPI.swift"; sourceTree = "<group>"; };
		7314113A239F49D400821745 /* DetailPage.storyboard */ = {isa = PBXFileReference; lastKnownFileType = file.storyboard; path = DetailPage.storyboard; sourceTree = "<group>"; };
		7314113D239F51CF00821745 /* DetailMoreTableViewCell.swift */ = {isa = PBXFileReference; lastKnownFileType = sourcecode.swift; path = DetailMoreTableViewCell.swift; sourceTree = "<group>"; };
		7316623723A09012009B0B38 /* GenreCollectionViewCell.swift */ = {isa = PBXFileReference; lastKnownFileType = sourcecode.swift; path = GenreCollectionViewCell.swift; sourceTree = "<group>"; };
		7316627C23A0F65D009B0B38 /* MostRatedCollectionViewCell.swift */ = {isa = PBXFileReference; lastKnownFileType = sourcecode.swift; path = MostRatedCollectionViewCell.swift; sourceTree = "<group>"; };
		73244B0D23A3327F006165C4 /* UIView+HiddenAnimated.swift */ = {isa = PBXFileReference; lastKnownFileType = sourcecode.swift; path = "UIView+HiddenAnimated.swift"; sourceTree = "<group>"; };
		73244B0F23A34DD5006165C4 /* UIImageView+Rotate.swift */ = {isa = PBXFileReference; lastKnownFileType = sourcecode.swift; path = "UIImageView+Rotate.swift"; sourceTree = "<group>"; };
		73244B1323A3629D006165C4 /* NetworkError.swift */ = {isa = PBXFileReference; lastKnownFileType = sourcecode.swift; path = "Network\U0010\U0010Error.swift"; sourceTree = "<group>"; };
		73248AAE2399F4CA0035D033 /* DetailViewController.swift */ = {isa = PBXFileReference; lastKnownFileType = sourcecode.swift; path = DetailViewController.swift; sourceTree = "<group>"; };
		735BE7CC239E036200E57927 /* DetailCastViewController.swift */ = {isa = PBXFileReference; lastKnownFileType = sourcecode.swift; path = DetailCastViewController.swift; sourceTree = "<group>"; };
		735BE7CE239E037F00E57927 /* DetailReviewViewController.swift */ = {isa = PBXFileReference; lastKnownFileType = sourcecode.swift; path = DetailReviewViewController.swift; sourceTree = "<group>"; };
		735BE7D0239E039200E57927 /* DetailMoreViewController.swift */ = {isa = PBXFileReference; lastKnownFileType = sourcecode.swift; path = DetailMoreViewController.swift; sourceTree = "<group>"; };
		735BE822239E5E6D00E57927 /* DetailReviewTableViewCell.swift */ = {isa = PBXFileReference; lastKnownFileType = sourcecode.swift; path = DetailReviewTableViewCell.swift; sourceTree = "<group>"; };
		73A287BF23A2A1A4006DA156 /* MostRecentCollectionViewCell.swift */ = {isa = PBXFileReference; lastKnownFileType = sourcecode.swift; path = MostRecentCollectionViewCell.swift; sourceTree = "<group>"; };
		73A287C123A2AD74006DA156 /* AppleGothic.ttf */ = {isa = PBXFileReference; lastKnownFileType = file; path = AppleGothic.ttf; sourceTree = "<group>"; };
		73A287C423A2AEA9006DA156 /* Osaka.ttf */ = {isa = PBXFileReference; lastKnownFileType = file; path = Osaka.ttf; sourceTree = "<group>"; };
		73D8E29123A23011002BB37A /* DetailHeaderView.xib */ = {isa = PBXFileReference; lastKnownFileType = file.xib; path = DetailHeaderView.xib; sourceTree = "<group>"; };
		73D8E29723A2336B002BB37A /* DetailHeaderView.swift */ = {isa = PBXFileReference; lastKnownFileType = sourcecode.swift; path = DetailHeaderView.swift; sourceTree = "<group>"; };
		73D8E29B23A25116002BB37A /* DetailCastCollectionViewCell.swift */ = {isa = PBXFileReference; lastKnownFileType = sourcecode.swift; path = DetailCastCollectionViewCell.swift; sourceTree = "<group>"; };
		DAB0C93C6679F2D967BEC216 /* Pods-MovieReviewApp.release.xcconfig */ = {isa = PBXFileReference; includeInIndex = 1; lastKnownFileType = text.xcconfig; name = "Pods-MovieReviewApp.release.xcconfig"; path = "Target Support Files/Pods-MovieReviewApp/Pods-MovieReviewApp.release.xcconfig"; sourceTree = "<group>"; };
		DFD967F33A3B63E9562F0D63 /* Pods-MovieReviewApp.debug.xcconfig */ = {isa = PBXFileReference; includeInIndex = 1; lastKnownFileType = text.xcconfig; name = "Pods-MovieReviewApp.debug.xcconfig"; path = "Target Support Files/Pods-MovieReviewApp/Pods-MovieReviewApp.debug.xcconfig"; sourceTree = "<group>"; };
/* End PBXFileReference section */

/* Begin PBXFrameworksBuildPhase section */
		7312D11F2398F45B0061C52D /* Frameworks */ = {
			isa = PBXFrameworksBuildPhase;
			buildActionMask = 2147483647;
			files = (
				025D8D73A988E5F361DB4B01 /* Pods_MovieReviewApp.framework in Frameworks */,
			);
			runOnlyForDeploymentPostprocessing = 0;
		};
/* End PBXFrameworksBuildPhase section */

/* Begin PBXGroup section */
		3FFD24F63DE3B4023D6D9FC6 /* Pods */ = {
			isa = PBXGroup;
			children = (
				DFD967F33A3B63E9562F0D63 /* Pods-MovieReviewApp.debug.xcconfig */,
				DAB0C93C6679F2D967BEC216 /* Pods-MovieReviewApp.release.xcconfig */,
			);
			path = Pods;
			sourceTree = "<group>";
		};
		50A38F1727C417645356C67C /* Frameworks */ = {
			isa = PBXGroup;
			children = (
				02F8EBA6D6F0F3B554B91ABA /* Pods_MovieReviewApp.framework */,
			);
			name = Frameworks;
			sourceTree = "<group>";
		};
		731254D7239A52A900079095 /* Extensions */ = {
			isa = PBXGroup;
			children = (
				731254D5239A526F00079095 /* UIImageView+CornerRadius.swift */,
				73244B0D23A3327F006165C4 /* UIView+HiddenAnimated.swift */,
				73244B0F23A34DD5006165C4 /* UIImageView+Rotate.swift */,
			);
			path = Extensions;
			sourceTree = "<group>";
		};
		7312D1192398F45B0061C52D = {
			isa = PBXGroup;
			children = (
				7312D1242398F45B0061C52D /* MovieReviewApp */,
				7312D1232398F45B0061C52D /* Products */,
				3FFD24F63DE3B4023D6D9FC6 /* Pods */,
				50A38F1727C417645356C67C /* Frameworks */,
			);
			sourceTree = "<group>";
		};
		7312D1232398F45B0061C52D /* Products */ = {
			isa = PBXGroup;
			children = (
				7312D1222398F45B0061C52D /* MovieReviewApp.app */,
			);
			name = Products;
			sourceTree = "<group>";
		};
		7312D1242398F45B0061C52D /* MovieReviewApp */ = {
			isa = PBXGroup;
			children = (
				7312D1392398F4880061C52D /* ViewModel */,
				7312D1382398F4820061C52D /* Model */,
				7312D13A2398F48D0061C52D /* Controller */,
				7312D1372398F47C0061C52D /* View */,
				73A287C323A2AE9D006DA156 /* fonts */,
				7312D1252398F45B0061C52D /* AppDelegate.swift */,
				7312D1292398F45B0061C52D /* Main.storyboard */,
				7312D12C2398F45B0061C52D /* Assets.xcassets */,
				7312D12E2398F45B0061C52D /* LaunchScreen.storyboard */,
				7312D1312398F45B0061C52D /* Info.plist */,
			);
			path = MovieReviewApp;
			sourceTree = "<group>";
		};
		7312D1372398F47C0061C52D /* View */ = {
			isa = PBXGroup;
			children = (
				73244B1223A34F1D006165C4 /* ListViews */,
				7316623623A08FF7009B0B38 /* DetailViews */,
			);
			path = View;
			sourceTree = "<group>";
		};
		7312D1382398F4820061C52D /* Model */ = {
			isa = PBXGroup;
			children = (
				7312D1422398F7B40061C52D /* Movie.swift */,
				7312D14423990F030061C52D /* MovieAPI.swift */,
				73244B1323A3629D006165C4 /* NetworkError.swift */,
				731254D7239A52A900079095 /* Extensions */,
			);
			path = Model;
			sourceTree = "<group>";
		};
		7312D1392398F4880061C52D /* ViewModel */ = {
			isa = PBXGroup;
			children = (
				7312D1402398F7920061C52D /* MovieViewModel.swift */,
				73244B1123A34E4D006165C4 /* Extensions */,
			);
			path = ViewModel;
			sourceTree = "<group>";
		};
		7312D13A2398F48D0061C52D /* Controller */ = {
			isa = PBXGroup;
			children = (
				7312D13B2398F4B40061C52D /* ListMovieViewController.swift */,
				73248AAE2399F4CA0035D033 /* DetailViewController.swift */,
				7314113F239F998A00821745 /* DetailPageControllers */,
			);
			path = Controller;
			sourceTree = "<group>";
		};
		7314113C239F51AA00821745 /* DetailPageCells */ = {
			isa = PBXGroup;
			children = (
				73D8E29B23A25116002BB37A /* DetailCastCollectionViewCell.swift */,
				735BE822239E5E6D00E57927 /* DetailReviewTableViewCell.swift */,
				7314113D239F51CF00821745 /* DetailMoreTableViewCell.swift */,
			);
			path = DetailPageCells;
			sourceTree = "<group>";
		};
		7314113F239F998A00821745 /* DetailPageControllers */ = {
			isa = PBXGroup;
			children = (
				735BE7CC239E036200E57927 /* DetailCastViewController.swift */,
				735BE7CE239E037F00E57927 /* DetailReviewViewController.swift */,
				735BE7D0239E039200E57927 /* DetailMoreViewController.swift */,
			);
			path = DetailPageControllers;
			sourceTree = "<group>";
		};
		7316623623A08FF7009B0B38 /* DetailViews */ = {
			isa = PBXGroup;
			children = (
				7316623723A09012009B0B38 /* GenreCollectionViewCell.swift */,
				73D8E29123A23011002BB37A /* DetailHeaderView.xib */,
				73D8E29723A2336B002BB37A /* DetailHeaderView.swift */,
				7314113A239F49D400821745 /* DetailPage.storyboard */,
				7314113C239F51AA00821745 /* DetailPageCells */,
			);
			path = DetailViews;
			sourceTree = "<group>";
		};
		73244B1123A34E4D006165C4 /* Extensions */ = {
			isa = PBXGroup;
			children = (
				7312D14623991A0C0061C52D /* MovieViewModel+CallAPI.swift */,
			);
			path = Extensions;
			sourceTree = "<group>";
		};
		73244B1223A34F1D006165C4 /* ListViews */ = {
			isa = PBXGroup;
			children = (
				7312D13E2398F6350061C52D /* PopularMovieCollectionViewCell.swift */,
				73A287BF23A2A1A4006DA156 /* MostRecentCollectionViewCell.swift */,
				7316627C23A0F65D009B0B38 /* MostRatedCollectionViewCell.swift */,
			);
			path = ListViews;
			sourceTree = "<group>";
		};
		73A287C323A2AE9D006DA156 /* fonts */ = {
			isa = PBXGroup;
			children = (
				73A287C423A2AEA9006DA156 /* Osaka.ttf */,
				73A287C123A2AD74006DA156 /* AppleGothic.ttf */,
			);
			path = fonts;
			sourceTree = "<group>";
		};
/* End PBXGroup section */

/* Begin PBXNativeTarget section */
		7312D1212398F45B0061C52D /* MovieReviewApp */ = {
			isa = PBXNativeTarget;
			buildConfigurationList = 7312D1342398F45B0061C52D /* Build configuration list for PBXNativeTarget "MovieReviewApp" */;
			buildPhases = (
				AD1551ACBECFECF28C8D3DF4 /* [CP] Check Pods Manifest.lock */,
				7312D11E2398F45B0061C52D /* Sources */,
				7312D11F2398F45B0061C52D /* Frameworks */,
				7312D1202398F45B0061C52D /* Resources */,
				2C1499B6115EDAF208B9A1C8 /* [CP] Embed Pods Frameworks */,
			);
			buildRules = (
			);
			dependencies = (
			);
			name = MovieReviewApp;
			productName = MovieReviewApp;
			productReference = 7312D1222398F45B0061C52D /* MovieReviewApp.app */;
			productType = "com.apple.product-type.application";
		};
/* End PBXNativeTarget section */

/* Begin PBXProject section */
		7312D11A2398F45B0061C52D /* Project object */ = {
			isa = PBXProject;
			attributes = {
				LastSwiftUpdateCheck = 1030;
				LastUpgradeCheck = 1030;
				ORGANIZATIONNAME = MGMVVMRxSwiftDemo;
				TargetAttributes = {
					7312D1212398F45B0061C52D = {
						CreatedOnToolsVersion = 10.3;
					};
				};
			};
			buildConfigurationList = 7312D11D2398F45B0061C52D /* Build configuration list for PBXProject "MovieReviewApp" */;
			compatibilityVersion = "Xcode 9.3";
			developmentRegion = en;
			hasScannedForEncodings = 0;
			knownRegions = (
				en,
				Base,
			);
			mainGroup = 7312D1192398F45B0061C52D;
			productRefGroup = 7312D1232398F45B0061C52D /* Products */;
			projectDirPath = "";
			projectRoot = "";
			targets = (
				7312D1212398F45B0061C52D /* MovieReviewApp */,
			);
		};
/* End PBXProject section */

/* Begin PBXResourcesBuildPhase section */
		7312D1202398F45B0061C52D /* Resources */ = {
			isa = PBXResourcesBuildPhase;
			buildActionMask = 2147483647;
			files = (
				7314113B239F49D400821745 /* DetailPage.storyboard in Resources */,
				7312D1302398F45B0061C52D /* LaunchScreen.storyboard in Resources */,
				73A287C623A2AEF2006DA156 /* AppleGothic.ttf in Resources */,
				7312D12D2398F45B0061C52D /* Assets.xcassets in Resources */,
				7312D12B2398F45B0061C52D /* Main.storyboard in Resources */,
				73A287C523A2AEAC006DA156 /* Osaka.ttf in Resources */,
				73D8E29223A23011002BB37A /* DetailHeaderView.xib in Resources */,
			);
			runOnlyForDeploymentPostprocessing = 0;
		};
/* End PBXResourcesBuildPhase section */

/* Begin PBXShellScriptBuildPhase section */
		2C1499B6115EDAF208B9A1C8 /* [CP] Embed Pods Frameworks */ = {
			isa = PBXShellScriptBuildPhase;
			buildActionMask = 2147483647;
			files = (
			);
			inputFileListPaths = (
				"${PODS_ROOT}/Target Support Files/Pods-MovieReviewApp/Pods-MovieReviewApp-frameworks-${CONFIGURATION}-input-files.xcfilelist",
			);
			name = "[CP] Embed Pods Frameworks";
			outputFileListPaths = (
				"${PODS_ROOT}/Target Support Files/Pods-MovieReviewApp/Pods-MovieReviewApp-frameworks-${CONFIGURATION}-output-files.xcfilelist",
			);
			runOnlyForDeploymentPostprocessing = 0;
			shellPath = /bin/sh;
			shellScript = "\"${PODS_ROOT}/Target Support Files/Pods-MovieReviewApp/Pods-MovieReviewApp-frameworks.sh\"\n";
			showEnvVarsInLog = 0;
		};
		AD1551ACBECFECF28C8D3DF4 /* [CP] Check Pods Manifest.lock */ = {
			isa = PBXShellScriptBuildPhase;
			buildActionMask = 2147483647;
			files = (
			);
			inputFileListPaths = (
			);
			inputPaths = (
				"${PODS_PODFILE_DIR_PATH}/Podfile.lock",
				"${PODS_ROOT}/Manifest.lock",
			);
			name = "[CP] Check Pods Manifest.lock";
			outputFileListPaths = (
			);
			outputPaths = (
				"$(DERIVED_FILE_DIR)/Pods-MovieReviewApp-checkManifestLockResult.txt",
			);
			runOnlyForDeploymentPostprocessing = 0;
			shellPath = /bin/sh;
			shellScript = "diff \"${PODS_PODFILE_DIR_PATH}/Podfile.lock\" \"${PODS_ROOT}/Manifest.lock\" > /dev/null\nif [ $? != 0 ] ; then\n    # print error to STDERR\n    echo \"error: The sandbox is not in sync with the Podfile.lock. Run 'pod install' or update your CocoaPods installation.\" >&2\n    exit 1\nfi\n# This output is used by Xcode 'outputs' to avoid re-running this script phase.\necho \"SUCCESS\" > \"${SCRIPT_OUTPUT_FILE_0}\"\n";
			showEnvVarsInLog = 0;
		};
/* End PBXShellScriptBuildPhase section */

/* Begin PBXSourcesBuildPhase section */
		7312D11E2398F45B0061C52D /* Sources */ = {
			isa = PBXSourcesBuildPhase;
			buildActionMask = 2147483647;
			files = (
				7314113E239F51CF00821745 /* DetailMoreTableViewCell.swift in Sources */,
				73244B1423A3629D006165C4 /* NetworkError.swift in Sources */,
				7312D1262398F45B0061C52D /* AppDelegate.swift in Sources */,
				7312D13C2398F4B50061C52D /* ListMovieViewController.swift in Sources */,
				735BE7D1239E039200E57927 /* DetailMoreViewController.swift in Sources */,
				73D8E29C23A25116002BB37A /* DetailCastCollectionViewCell.swift in Sources */,
				7312D14723991A0C0061C52D /* MovieViewModel+CallAPI.swift in Sources */,
				7316627D23A0F65D009B0B38 /* MostRatedCollectionViewCell.swift in Sources */,
				73A287C023A2A1A4006DA156 /* MostRecentCollectionViewCell.swift in Sources */,
				7312D13F2398F6350061C52D /* PopularMovieCollectionViewCell.swift in Sources */,
				7312D14523990F030061C52D /* MovieAPI.swift in Sources */,
				7316623823A09012009B0B38 /* GenreCollectionViewCell.swift in Sources */,
				735BE7CD239E036200E57927 /* DetailCastViewController.swift in Sources */,
				73D8E29823A2336B002BB37A /* DetailHeaderView.swift in Sources */,
				735BE823239E5E6D00E57927 /* DetailReviewTableViewCell.swift in Sources */,
				7312D1412398F7920061C52D /* MovieViewModel.swift in Sources */,
				7312D1432398F7B40061C52D /* Movie.swift in Sources */,
				73244B1023A34DD5006165C4 /* UIImageView+Rotate.swift in Sources */,
				731254D6239A526F00079095 /* UIImageView+CornerRadius.swift in Sources */,
				735BE7CF239E037F00E57927 /* DetailReviewViewController.swift in Sources */,
				73248AAF2399F4CA0035D033 /* DetailViewController.swift in Sources */,
				73244B0E23A3327F006165C4 /* UIView+HiddenAnimated.swift in Sources */,
			);
			runOnlyForDeploymentPostprocessing = 0;
		};
/* End PBXSourcesBuildPhase section */

/* Begin PBXVariantGroup section */
		7312D1292398F45B0061C52D /* Main.storyboard */ = {
			isa = PBXVariantGroup;
			children = (
				7312D12A2398F45B0061C52D /* Base */,
			);
			name = Main.storyboard;
			sourceTree = "<group>";
		};
		7312D12E2398F45B0061C52D /* LaunchScreen.storyboard */ = {
			isa = PBXVariantGroup;
			children = (
				7312D12F2398F45B0061C52D /* Base */,
			);
			name = LaunchScreen.storyboard;
			sourceTree = "<group>";
		};
/* End PBXVariantGroup section */

/* Begin XCBuildConfiguration section */
		7312D1322398F45B0061C52D /* Debug */ = {
			isa = XCBuildConfiguration;
			buildSettings = {
				ALWAYS_SEARCH_USER_PATHS = NO;
				CLANG_ANALYZER_NONNULL = YES;
				CLANG_ANALYZER_NUMBER_OBJECT_CONVERSION = YES_AGGRESSIVE;
				CLANG_CXX_LANGUAGE_STANDARD = "gnu++14";
				CLANG_CXX_LIBRARY = "libc++";
				CLANG_ENABLE_MODULES = YES;
				CLANG_ENABLE_OBJC_ARC = YES;
				CLANG_ENABLE_OBJC_WEAK = YES;
				CLANG_WARN_BLOCK_CAPTURE_AUTORELEASING = YES;
				CLANG_WARN_BOOL_CONVERSION = YES;
				CLANG_WARN_COMMA = YES;
				CLANG_WARN_CONSTANT_CONVERSION = YES;
				CLANG_WARN_DEPRECATED_OBJC_IMPLEMENTATIONS = YES;
				CLANG_WARN_DIRECT_OBJC_ISA_USAGE = YES_ERROR;
				CLANG_WARN_DOCUMENTATION_COMMENTS = YES;
				CLANG_WARN_EMPTY_BODY = YES;
				CLANG_WARN_ENUM_CONVERSION = YES;
				CLANG_WARN_INFINITE_RECURSION = YES;
				CLANG_WARN_INT_CONVERSION = YES;
				CLANG_WARN_NON_LITERAL_NULL_CONVERSION = YES;
				CLANG_WARN_OBJC_IMPLICIT_RETAIN_SELF = YES;
				CLANG_WARN_OBJC_LITERAL_CONVERSION = YES;
				CLANG_WARN_OBJC_ROOT_CLASS = YES_ERROR;
				CLANG_WARN_RANGE_LOOP_ANALYSIS = YES;
				CLANG_WARN_STRICT_PROTOTYPES = YES;
				CLANG_WARN_SUSPICIOUS_MOVE = YES;
				CLANG_WARN_UNGUARDED_AVAILABILITY = YES_AGGRESSIVE;
				CLANG_WARN_UNREACHABLE_CODE = YES;
				CLANG_WARN__DUPLICATE_METHOD_MATCH = YES;
				CODE_SIGN_IDENTITY = "iPhone Developer";
				COPY_PHASE_STRIP = NO;
				DEBUG_INFORMATION_FORMAT = dwarf;
				ENABLE_STRICT_OBJC_MSGSEND = YES;
				ENABLE_TESTABILITY = YES;
				GCC_C_LANGUAGE_STANDARD = gnu11;
				GCC_DYNAMIC_NO_PIC = NO;
				GCC_NO_COMMON_BLOCKS = YES;
				GCC_OPTIMIZATION_LEVEL = 0;
				GCC_PREPROCESSOR_DEFINITIONS = (
					"DEBUG=1",
					"$(inherited)",
				);
				GCC_WARN_64_TO_32_BIT_CONVERSION = YES;
				GCC_WARN_ABOUT_RETURN_TYPE = YES_ERROR;
				GCC_WARN_UNDECLARED_SELECTOR = YES;
				GCC_WARN_UNINITIALIZED_AUTOS = YES_AGGRESSIVE;
				GCC_WARN_UNUSED_FUNCTION = YES;
				GCC_WARN_UNUSED_VARIABLE = YES;
				IPHONEOS_DEPLOYMENT_TARGET = 12.4;
				MTL_ENABLE_DEBUG_INFO = INCLUDE_SOURCE;
				MTL_FAST_MATH = YES;
				ONLY_ACTIVE_ARCH = YES;
				SDKROOT = iphoneos;
				SWIFT_ACTIVE_COMPILATION_CONDITIONS = DEBUG;
				SWIFT_OPTIMIZATION_LEVEL = "-Onone";
			};
			name = Debug;
		};
		7312D1332398F45B0061C52D /* Release */ = {
			isa = XCBuildConfiguration;
			buildSettings = {
				ALWAYS_SEARCH_USER_PATHS = NO;
				CLANG_ANALYZER_NONNULL = YES;
				CLANG_ANALYZER_NUMBER_OBJECT_CONVERSION = YES_AGGRESSIVE;
				CLANG_CXX_LANGUAGE_STANDARD = "gnu++14";
				CLANG_CXX_LIBRARY = "libc++";
				CLANG_ENABLE_MODULES = YES;
				CLANG_ENABLE_OBJC_ARC = YES;
				CLANG_ENABLE_OBJC_WEAK = YES;
				CLANG_WARN_BLOCK_CAPTURE_AUTORELEASING = YES;
				CLANG_WARN_BOOL_CONVERSION = YES;
				CLANG_WARN_COMMA = YES;
				CLANG_WARN_CONSTANT_CONVERSION = YES;
				CLANG_WARN_DEPRECATED_OBJC_IMPLEMENTATIONS = YES;
				CLANG_WARN_DIRECT_OBJC_ISA_USAGE = YES_ERROR;
				CLANG_WARN_DOCUMENTATION_COMMENTS = YES;
				CLANG_WARN_EMPTY_BODY = YES;
				CLANG_WARN_ENUM_CONVERSION = YES;
				CLANG_WARN_INFINITE_RECURSION = YES;
				CLANG_WARN_INT_CONVERSION = YES;
				CLANG_WARN_NON_LITERAL_NULL_CONVERSION = YES;
				CLANG_WARN_OBJC_IMPLICIT_RETAIN_SELF = YES;
				CLANG_WARN_OBJC_LITERAL_CONVERSION = YES;
				CLANG_WARN_OBJC_ROOT_CLASS = YES_ERROR;
				CLANG_WARN_RANGE_LOOP_ANALYSIS = YES;
				CLANG_WARN_STRICT_PROTOTYPES = YES;
				CLANG_WARN_SUSPICIOUS_MOVE = YES;
				CLANG_WARN_UNGUARDED_AVAILABILITY = YES_AGGRESSIVE;
				CLANG_WARN_UNREACHABLE_CODE = YES;
				CLANG_WARN__DUPLICATE_METHOD_MATCH = YES;
				CODE_SIGN_IDENTITY = "iPhone Developer";
				COPY_PHASE_STRIP = NO;
				DEBUG_INFORMATION_FORMAT = "dwarf-with-dsym";
				ENABLE_NS_ASSERTIONS = NO;
				ENABLE_STRICT_OBJC_MSGSEND = YES;
				GCC_C_LANGUAGE_STANDARD = gnu11;
				GCC_NO_COMMON_BLOCKS = YES;
				GCC_WARN_64_TO_32_BIT_CONVERSION = YES;
				GCC_WARN_ABOUT_RETURN_TYPE = YES_ERROR;
				GCC_WARN_UNDECLARED_SELECTOR = YES;
				GCC_WARN_UNINITIALIZED_AUTOS = YES_AGGRESSIVE;
				GCC_WARN_UNUSED_FUNCTION = YES;
				GCC_WARN_UNUSED_VARIABLE = YES;
				IPHONEOS_DEPLOYMENT_TARGET = 12.4;
				MTL_ENABLE_DEBUG_INFO = NO;
				MTL_FAST_MATH = YES;
				SDKROOT = iphoneos;
				SWIFT_COMPILATION_MODE = wholemodule;
				SWIFT_OPTIMIZATION_LEVEL = "-O";
				VALIDATE_PRODUCT = YES;
			};
			name = Release;
		};
		7312D1352398F45B0061C52D /* Debug */ = {
			isa = XCBuildConfiguration;
			baseConfigurationReference = DFD967F33A3B63E9562F0D63 /* Pods-MovieReviewApp.debug.xcconfig */;
			buildSettings = {
				ASSETCATALOG_COMPILER_APPICON_NAME = AppIcon;
				CODE_SIGN_STYLE = Automatic;
				INFOPLIST_FILE = MovieReviewApp/Info.plist;
				LD_RUNPATH_SEARCH_PATHS = (
					"$(inherited)",
					"@executable_path/Frameworks",
				);
				PRODUCT_BUNDLE_IDENTIFIER = com.ltt.MovieReviewApp;
				PRODUCT_NAME = "$(TARGET_NAME)";
				SWIFT_VERSION = 5.0;
				TARGETED_DEVICE_FAMILY = "1,2";
			};
			name = Debug;
		};
		7312D1362398F45B0061C52D /* Release */ = {
			isa = XCBuildConfiguration;
			baseConfigurationReference = DAB0C93C6679F2D967BEC216 /* Pods-MovieReviewApp.release.xcconfig */;
			buildSettings = {
				ASSETCATALOG_COMPILER_APPICON_NAME = AppIcon;
				CODE_SIGN_STYLE = Automatic;
				INFOPLIST_FILE = MovieReviewApp/Info.plist;
				LD_RUNPATH_SEARCH_PATHS = (
					"$(inherited)",
					"@executable_path/Frameworks",
				);
				PRODUCT_BUNDLE_IDENTIFIER = com.ltt.MovieReviewApp;
				PRODUCT_NAME = "$(TARGET_NAME)";
				SWIFT_VERSION = 5.0;
				TARGETED_DEVICE_FAMILY = "1,2";
			};
			name = Release;
		};
/* End XCBuildConfiguration section */

/* Begin XCConfigurationList section */
		7312D11D2398F45B0061C52D /* Build configuration list for PBXProject "MovieReviewApp" */ = {
			isa = XCConfigurationList;
			buildConfigurations = (
				7312D1322398F45B0061C52D /* Debug */,
				7312D1332398F45B0061C52D /* Release */,
			);
			defaultConfigurationIsVisible = 0;
			defaultConfigurationName = Release;
		};
		7312D1342398F45B0061C52D /* Build configuration list for PBXNativeTarget "MovieReviewApp" */ = {
			isa = XCConfigurationList;
			buildConfigurations = (
				7312D1352398F45B0061C52D /* Debug */,
				7312D1362398F45B0061C52D /* Release */,
			);
			defaultConfigurationIsVisible = 0;
			defaultConfigurationName = Release;
		};
/* End XCConfigurationList section */
	};
	rootObject = 7312D11A2398F45B0061C52D /* Project object */;
}
